// !$*UTF8*$!
{
	archiveVersion = 1;
	classes = {
	};
	objectVersion = 48;
	objects = {

/* Begin PBXBuildFile section */
		FAF119561F8964A1003C6851 /* main.cpp in Sources */ = {isa = PBXBuildFile; fileRef = FAF119551F8964A1003C6851 /* main.cpp */; };
		FAF1195E1F8970A2003C6851 /* CRegistroSalida.cpp in Sources */ = {isa = PBXBuildFile; fileRef = FAF1195C1F8970A2003C6851 /* CRegistroSalida.cpp */; };
		FAF119611F89715F003C6851 /* CBus.cpp in Sources */ = {isa = PBXBuildFile; fileRef = FAF1195F1F89715F003C6851 /* CBus.cpp */; };
		FAF119641F897250003C6851 /* CConductor.cpp in Sources */ = {isa = PBXBuildFile; fileRef = FAF119621F897250003C6851 /* CConductor.cpp */; };
		FAF119671F89754C003C6851 /* AgenteSeguridad.cpp in Sources */ = {isa = PBXBuildFile; fileRef = FAF119651F89754C003C6851 /* AgenteSeguridad.cpp */; };
		FAF1196A1F897599003C6851 /* CSede.cpp in Sources */ = {isa = PBXBuildFile; fileRef = FAF119681F897599003C6851 /* CSede.cpp */; };
/* End PBXBuildFile section */

/* Begin PBXCopyFilesBuildPhase section */
		FAF119501F8964A1003C6851 /* CopyFiles */ = {
			isa = PBXCopyFilesBuildPhase;
			buildActionMask = 2147483647;
			dstPath = /usr/share/man/man1/;
			dstSubfolderSpec = 0;
			files = (
			);
			runOnlyForDeploymentPostprocessing = 1;
		};
/* End PBXCopyFilesBuildPhase section */

/* Begin PBXFileReference section */
		FAF119521F8964A1003C6851 /* EXAMEN01 */ = {isa = PBXFileReference; explicitFileType = "compiled.mach-o.executable"; includeInIndex = 0; path = EXAMEN01; sourceTree = BUILT_PRODUCTS_DIR; };
		FAF119551F8964A1003C6851 /* main.cpp */ = {isa = PBXFileReference; lastKnownFileType = sourcecode.cpp.cpp; path = main.cpp; sourceTree = "<group>"; };
		FAF1195C1F8970A2003C6851 /* CRegistroSalida.cpp */ = {isa = PBXFileReference; lastKnownFileType = sourcecode.cpp.cpp; path = CRegistroSalida.cpp; sourceTree = "<group>"; };
		FAF1195D1F8970A2003C6851 /* CRegistroSalida.hpp */ = {isa = PBXFileReference; lastKnownFileType = sourcecode.cpp.h; path = CRegistroSalida.hpp; sourceTree = "<group>"; };
		FAF1195F1F89715F003C6851 /* CBus.cpp */ = {isa = PBXFileReference; lastKnownFileType = sourcecode.cpp.cpp; path = CBus.cpp; sourceTree = "<group>"; };
		FAF119601F89715F003C6851 /* CBus.hpp */ = {isa = PBXFileReference; lastKnownFileType = sourcecode.cpp.h; path = CBus.hpp; sourceTree = "<group>"; };
		FAF119621F897250003C6851 /* CConductor.cpp */ = {isa = PBXFileReference; lastKnownFileType = sourcecode.cpp.cpp; path = CConductor.cpp; sourceTree = "<group>"; };
		FAF119631F897250003C6851 /* CConductor.hpp */ = {isa = PBXFileReference; lastKnownFileType = sourcecode.cpp.h; path = CConductor.hpp; sourceTree = "<group>"; };
		FAF119651F89754C003C6851 /* AgenteSeguridad.cpp */ = {isa = PBXFileReference; lastKnownFileType = sourcecode.cpp.cpp; path = AgenteSeguridad.cpp; sourceTree = "<group>"; };
		FAF119661F89754C003C6851 /* AgenteSeguridad.hpp */ = {isa = PBXFileReference; lastKnownFileType = sourcecode.cpp.h; path = AgenteSeguridad.hpp; sourceTree = "<group>"; };
		FAF119681F897599003C6851 /* CSede.cpp */ = {isa = PBXFileReference; lastKnownFileType = sourcecode.cpp.cpp; path = CSede.cpp; sourceTree = "<group>"; };
		FAF119691F897599003C6851 /* CSede.hpp */ = {isa = PBXFileReference; lastKnownFileType = sourcecode.cpp.h; path = CSede.hpp; sourceTree = "<group>"; };
/* End PBXFileReference section */

/* Begin PBXFrameworksBuildPhase section */
		FAF1194F1F8964A1003C6851 /* Frameworks */ = {
			isa = PBXFrameworksBuildPhase;
			buildActionMask = 2147483647;
			files = (
			);
			runOnlyForDeploymentPostprocessing = 0;
		};
/* End PBXFrameworksBuildPhase section */

/* Begin PBXGroup section */
		FAF119491F8964A1003C6851 = {
			isa = PBXGroup;
			children = (
				FAF119541F8964A1003C6851 /* EXAMEN01 */,
				FAF119531F8964A1003C6851 /* Products */,
			);
			sourceTree = "<group>";
		};
		FAF119531F8964A1003C6851 /* Products */ = {
			isa = PBXGroup;
			children = (
				FAF119521F8964A1003C6851 /* EXAMEN01 */,
			);
			name = Products;
			sourceTree = "<group>";
		};
		FAF119541F8964A1003C6851 /* EXAMEN01 */ = {
			isa = PBXGroup;
			children = (
				FAF119551F8964A1003C6851 /* main.cpp */,
				FAF1195C1F8970A2003C6851 /* CRegistroSalida.cpp */,
				FAF1195D1F8970A2003C6851 /* CRegistroSalida.hpp */,
				FAF1195F1F89715F003C6851 /* CBus.cpp */,
				FAF119601F89715F003C6851 /* CBus.hpp */,
				FAF119621F897250003C6851 /* CConductor.cpp */,
				FAF119631F897250003C6851 /* CConductor.hpp */,
				FAF119651F89754C003C6851 /* AgenteSeguridad.cpp */,
				FAF119661F89754C003C6851 /* AgenteSeguridad.hpp */,
				FAF119681F897599003C6851 /* CSede.cpp */,
				FAF119691F897599003C6851 /* CSede.hpp */,
			);
			path = EXAMEN01;
			sourceTree = "<group>";
		};
/* End PBXGroup section */

/* Begin PBXNativeTarget section */
		FAF119511F8964A1003C6851 /* EXAMEN01 */ = {
			isa = PBXNativeTarget;
			buildConfigurationList = FAF119591F8964A1003C6851 /* Build configuration list for PBXNativeTarget "EXAMEN01" */;
			buildPhases = (
				FAF1194E1F8964A1003C6851 /* Sources */,
				FAF1194F1F8964A1003C6851 /* Frameworks */,
				FAF119501F8964A1003C6851 /* CopyFiles */,
			);
			buildRules = (
			);
			dependencies = (
			);
			name = EXAMEN01;
			productName = EXAMEN01;
			productReference = FAF119521F8964A1003C6851 /* EXAMEN01 */;
			productType = "com.apple.product-type.tool";
		};
/* End PBXNativeTarget section */

/* Begin PBXProject section */
		FAF1194A1F8964A1003C6851 /* Project object */ = {
			isa = PBXProject;
			attributes = {
				LastUpgradeCheck = 0900;
				ORGANIZATIONNAME = "Alex Paredes";
				TargetAttributes = {
					FAF119511F8964A1003C6851 = {
						CreatedOnToolsVersion = 9.0;
						ProvisioningStyle = Automatic;
					};
				};
			};
			buildConfigurationList = FAF1194D1F8964A1003C6851 /* Build configuration list for PBXProject "EXAMEN01" */;
			compatibilityVersion = "Xcode 8.0";
			developmentRegion = en;
			hasScannedForEncodings = 0;
			knownRegions = (
				en,
			);
			mainGroup = FAF119491F8964A1003C6851;
			productRefGroup = FAF119531F8964A1003C6851 /* Products */;
			projectDirPath = "";
			projectRoot = "";
			targets = (
				FAF119511F8964A1003C6851 /* EXAMEN01 */,
			);
		};
/* End PBXProject section */

/* Begin PBXSourcesBuildPhase section */
		FAF1194E1F8964A1003C6851 /* Sources */ = {
			isa = PBXSourcesBuildPhase;
			buildActionMask = 2147483647;
			files = (
				FAF119671F89754C003C6851 /* AgenteSeguridad.cpp in Sources */,
				FAF119611F89715F003C6851 /* CBus.cpp in Sources */,
				FAF1196A1F897599003C6851 /* CSede.cpp in Sources */,
				FAF1195E1F8970A2003C6851 /* CRegistroSalida.cpp in Sources */,
				FAF119561F8964A1003C6851 /* main.cpp in Sources */,
				FAF119641F897250003C6851 /* CConductor.cpp in Sources */,
			);
			runOnlyForDeploymentPostprocessing = 0;
		};
/* End PBXSourcesBuildPhase section */

/* Begin XCBuildConfiguration section */
		FAF119571F8964A1003C6851 /* Debug */ = {
			isa = XCBuildConfiguration;
			buildSettings = {
				ALWAYS_SEARCH_USER_PATHS = NO;
				CLANG_ANALYZER_NONNULL = YES;
				CLANG_ANALYZER_NUMBER_OBJECT_CONVERSION = YES_AGGRESSIVE;
				CLANG_CXX_LANGUAGE_STANDARD = "gnu++14";
				CLANG_CXX_LIBRARY = "libc++";
				CLANG_ENABLE_MODULES = YES;
				CLANG_ENABLE_OBJC_ARC = YES;
				CLANG_WARN_BLOCK_CAPTURE_AUTORELEASING = YES;
				CLANG_WARN_BOOL_CONVERSION = YES;
				CLANG_WARN_COMMA = YES;
				CLANG_WARN_CONSTANT_CONVERSION = YES;
				CLANG_WARN_DIRECT_OBJC_ISA_USAGE = YES_ERROR;
				CLANG_WARN_DOCUMENTATION_COMMENTS = YES;
				CLANG_WARN_EMPTY_BODY = YES;
				CLANG_WARN_ENUM_CONVERSION = YES;
				CLANG_WARN_INFINITE_RECURSION = YES;
				CLANG_WARN_INT_CONVERSION = YES;
				CLANG_WARN_NON_LITERAL_NULL_CONVERSION = YES;
				CLANG_WARN_OBJC_LITERAL_CONVERSION = YES;
				CLANG_WARN_OBJC_ROOT_CLASS = YES_ERROR;
				CLANG_WARN_RANGE_LOOP_ANALYSIS = YES;
				CLANG_WARN_STRICT_PROTOTYPES = YES;
				CLANG_WARN_SUSPICIOUS_MOVE = YES;
				CLANG_WARN_UNGUARDED_AVAILABILITY = YES_AGGRESSIVE;
				CLANG_WARN_UNREACHABLE_CODE = YES;
				CLANG_WARN__DUPLICATE_METHOD_MATCH = YES;
				CODE_SIGN_IDENTITY = "Mac Developer";
				COPY_PHASE_STRIP = NO;
				DEBUG_INFORMATION_FORMAT = dwarf;
				ENABLE_STRICT_OBJC_MSGSEND = YES;
				ENABLE_TESTABILITY = YES;
				GCC_C_LANGUAGE_STANDARD = gnu11;
				GCC_DYNAMIC_NO_PIC = NO;
				GCC_NO_COMMON_BLOCKS = YES;
				GCC_OPTIMIZATION_LEVEL = 0;
				GCC_PREPROCESSOR_DEFINITIONS = (
					"DEBUG=1",
					"$(inherited)",
				);
				GCC_WARN_64_TO_32_BIT_CONVERSION = YES;
				GCC_WARN_ABOUT_RETURN_TYPE = YES_ERROR;
				GCC_WARN_UNDECLARED_SELECTOR = YES;
				GCC_WARN_UNINITIALIZED_AUTOS = YES_AGGRESSIVE;
				GCC_WARN_UNUSED_FUNCTION = YES;
				GCC_WARN_UNUSED_VARIABLE = YES;
				MACOSX_DEPLOYMENT_TARGET = 10.12;
				MTL_ENABLE_DEBUG_INFO = YES;
				ONLY_ACTIVE_ARCH = YES;
				SDKROOT = macosx;
			};
			name = Debug;
		};
		FAF119581F8964A1003C6851 /* Release */ = {
			isa = XCBuildConfiguration;
			buildSettings = {
				ALWAYS_SEARCH_USER_PATHS = NO;
				CLANG_ANALYZER_NONNULL = YES;
				CLANG_ANALYZER_NUMBER_OBJECT_CONVERSION = YES_AGGRESSIVE;
				CLANG_CXX_LANGUAGE_STANDARD = "gnu++14";
				CLANG_CXX_LIBRARY = "libc++";
				CLANG_ENABLE_MODULES = YES;
				CLANG_ENABLE_OBJC_ARC = YES;
				CLANG_WARN_BLOCK_CAPTURE_AUTORELEASING = YES;
				CLANG_WARN_BOOL_CONVERSION = YES;
				CLANG_WARN_COMMA = YES;
				CLANG_WARN_CONSTANT_CONVERSION = YES;
				CLANG_WARN_DIRECT_OBJC_ISA_USAGE = YES_ERROR;
				CLANG_WARN_DOCUMENTATION_COMMENTS = YES;
				CLANG_WARN_EMPTY_BODY = YES;
				CLANG_WARN_ENUM_CONVERSION = YES;
				CLANG_WARN_INFINITE_RECURSION = YES;
				CLANG_WARN_INT_CONVERSION = YES;
				CLANG_WARN_NON_LITERAL_NULL_CONVERSION = YES;
				CLANG_WARN_OBJC_LITERAL_CONVERSION = YES;
				CLANG_WARN_OBJC_ROOT_CLASS = YES_ERROR;
				CLANG_WARN_RANGE_LOOP_ANALYSIS = YES;
				CLANG_WARN_STRICT_PROTOTYPES = YES;
				CLANG_WARN_SUSPICIOUS_MOVE = YES;
				CLANG_WARN_UNGUARDED_AVAILABILITY = YES_AGGRESSIVE;
				CLANG_WARN_UNREACHABLE_CODE = YES;
				CLANG_WARN__DUPLICATE_METHOD_MATCH = YES;
				CODE_SIGN_IDENTITY = "Mac Developer";
				COPY_PHASE_STRIP = NO;
				DEBUG_INFORMATION_FORMAT = "dwarf-with-dsym";
				ENABLE_NS_ASSERTIONS = NO;
				ENABLE_STRICT_OBJC_MSGSEND = YES;
				GCC_C_LANGUAGE_STANDARD = gnu11;
				GCC_NO_COMMON_BLOCKS = YES;
				GCC_WARN_64_TO_32_BIT_CONVERSION = YES;
				GCC_WARN_ABOUT_RETURN_TYPE = YES_ERROR;
				GCC_WARN_UNDECLARED_SELECTOR = YES;
				GCC_WARN_UNINITIALIZED_AUTOS = YES_AGGRESSIVE;
				GCC_WARN_UNUSED_FUNCTION = YES;
				GCC_WARN_UNUSED_VARIABLE = YES;
				MACOSX_DEPLOYMENT_TARGET = 10.12;
				MTL_ENABLE_DEBUG_INFO = NO;
				SDKROOT = macosx;
			};
			name = Release;
		};
		FAF1195A1F8964A1003C6851 /* Debug */ = {
			isa = XCBuildConfiguration;
			buildSettings = {
				CODE_SIGN_STYLE = Automatic;
				DEVELOPMENT_TEAM = 7ZJ7QEY8KP;
				PRODUCT_NAME = "$(TARGET_NAME)";
			};
			name = Debug;
		};
		FAF1195B1F8964A1003C6851 /* Release */ = {
			isa = XCBuildConfiguration;
			buildSettings = {
				CODE_SIGN_STYLE = Automatic;
				DEVELOPMENT_TEAM = 7ZJ7QEY8KP;
				PRODUCT_NAME = "$(TARGET_NAME)";
			};
			name = Release;
		};
/* End XCBuildConfiguration section */

/* Begin XCConfigurationList section */
		FAF1194D1F8964A1003C6851 /* Build configuration list for PBXProject "EXAMEN01" */ = {
			isa = XCConfigurationList;
			buildConfigurations = (
				FAF119571F8964A1003C6851 /* Debug */,
				FAF119581F8964A1003C6851 /* Release */,
			);
			defaultConfigurationIsVisible = 0;
			defaultConfigurationName = Release;
		};
		FAF119591F8964A1003C6851 /* Build configuration list for PBXNativeTarget "EXAMEN01" */ = {
			isa = XCConfigurationList;
			buildConfigurations = (
				FAF1195A1F8964A1003C6851 /* Debug */,
				FAF1195B1F8964A1003C6851 /* Release */,
			);
			defaultConfigurationIsVisible = 0;
			defaultConfigurationName = Release;
		};
/* End XCConfigurationList section */
	};
	rootObject = FAF1194A1F8964A1003C6851 /* Project object */;
}
